
Microsoft Visual Studio Solution File, Format Version 12.00
# Visual Studio Version 17
VisualStudioVersion = 17.7.34031.279
MinimumVisualStudioVersion = 10.0.40219.1
Project("{FAE04EC0-301F-11D3-BF4B-00C04F79EFBC}") = "EpamHW6.1", "EpamHW6.1\EpamHW6.1.csproj", "{BBEAC24D-A28B-4530-BA78-7C36A9C93EDF}"
EndProject
Project("{FAE04EC0-301F-11D3-BF4B-00C04F79EFBC}") = "EpamHW6.2", "EpamHW6.2\EpamHW6.2.csproj", "{07B66F17-E34E-4C35-A9F7-EC9DC4105E18}"
EndProject
Global
	GlobalSection(SolutionConfigurationPlatforms) = preSolution
		Debug|Any CPU = Debug|Any CPU
		Release|Any CPU = Release|Any CPU
	EndGlobalSection
	GlobalSection(ProjectConfigurationPlatforms) = postSolution
		{BBEAC24D-A28B-4530-BA78-7C36A9C93EDF}.Debug|Any CPU.ActiveCfg = Debug|Any CPU
		{BBEAC24D-A28B-4530-BA78-7C36A9C93EDF}.Debug|Any CPU.Build.0 = Debug|Any CPU
		{BBEAC24D-A28B-4530-BA78-7C36A9C93EDF}.Release|Any CPU.ActiveCfg = Release|Any CPU
		{BBEAC24D-A28B-4530-BA78-7C36A9C93EDF}.Release|Any CPU.Build.0 = Release|Any CPU
		{07B66F17-E34E-4C35-A9F7-EC9DC4105E18}.Debug|Any CPU.ActiveCfg = Debug|Any CPU
		{07B66F17-E34E-4C35-A9F7-EC9DC4105E18}.Debug|Any CPU.Build.0 = Debug|Any CPU
		{07B66F17-E34E-4C35-A9F7-EC9DC4105E18}.Release|Any CPU.ActiveCfg = Release|Any CPU
		{07B66F17-E34E-4C35-A9F7-EC9DC4105E18}.Release|Any CPU.Build.0 = Release|Any CPU
	EndGlobalSection
	GlobalSection(SolutionProperties) = preSolution
		HideSolutionNode = FALSE
	EndGlobalSection
	GlobalSection(ExtensibilityGlobals) = postSolution
		SolutionGuid = {FD5F6D53-3386-414B-9043-3D4D2DE2E07E}
	EndGlobalSection
EndGlobal
